{
  "name": "bheeshma",
  "version": "2.1.0",
  "lockfileVersion": 3,
  "requires": true,
  "packages": {
    "": {
      "name": "bheeshma",
      "version": "2.1.0",
      "hasInstallScript": true,
      "license": "Apache-2.0",
      "bin": {
        "bheeshma": "bin/bheeshma.js",
        "bheeshma-ci": "bin/bheeshma-ci.js",
        "bheeshma-install": "bin/bheeshma-install.js"
      },
      "engines": {
        "node": ">=14.0.0"
      }
    }
  }
}
